// !$*UTF8*$!
{
	archiveVersion = 1;
	classes = {
	};
	objectVersion = 46;
	objects = {

/* Begin PBXBuildFile section */
		BDCA74241D48308800886312 /* AppDelegate.swift in Sources */ = {isa = PBXBuildFile; fileRef = BDCA74231D48308800886312 /* AppDelegate.swift */; };
		BDCA74261D48308800886312 /* ViewController.swift in Sources */ = {isa = PBXBuildFile; fileRef = BDCA74251D48308800886312 /* ViewController.swift */; };
		BDCA74291D48308800886312 /* Main.storyboard in Resources */ = {isa = PBXBuildFile; fileRef = BDCA74271D48308800886312 /* Main.storyboard */; };
		BDCA742B1D48308800886312 /* Assets.xcassets in Resources */ = {isa = PBXBuildFile; fileRef = BDCA742A1D48308800886312 /* Assets.xcassets */; };
		BDCA742E1D48308800886312 /* LaunchScreen.storyboard in Resources */ = {isa = PBXBuildFile; fileRef = BDCA742C1D48308800886312 /* LaunchScreen.storyboard */; };
		BDCA74361D4833E600886312 /* Indian_Cat_pic.jpg in Resources */ = {isa = PBXBuildFile; fileRef = BDCA74351D4833E600886312 /* Indian_Cat_pic.jpg */; };
/* End PBXBuildFile section */

/* Begin PBXFileReference section */
		BDCA74201D48308800886312 /* CatYears.app */ = {isa = PBXFileReference; explicitFileType = wrapper.application; includeInIndex = 0; path = CatYears.app; sourceTree = BUILT_PRODUCTS_DIR; };
		BDCA74231D48308800886312 /* AppDelegate.swift */ = {isa = PBXFileReference; lastKnownFileType = sourcecode.swift; path = AppDelegate.swift; sourceTree = "<group>"; };
		BDCA74251D48308800886312 /* ViewController.swift */ = {isa = PBXFileReference; lastKnownFileType = sourcecode.swift; path = ViewController.swift; sourceTree = "<group>"; };
		BDCA74281D48308800886312 /* Base */ = {isa = PBXFileReference; lastKnownFileType = file.storyboard; name = Base; path = Base.lproj/Main.storyboard; sourceTree = "<group>"; };
		BDCA742A1D48308800886312 /* Assets.xcassets */ = {isa = PBXFileReference; lastKnownFileType = folder.assetcatalog; path = Assets.xcassets; sourceTree = "<group>"; };
		BDCA742D1D48308800886312 /* Base */ = {isa = PBXFileReference; lastKnownFileType = file.storyboard; name = Base; path = Base.lproj/LaunchScreen.storyboard; sourceTree = "<group>"; };
		BDCA742F1D48308800886312 /* Info.plist */ = {isa = PBXFileReference; lastKnownFileType = text.plist.xml; path = Info.plist; sourceTree = "<group>"; };
		BDCA74351D4833E600886312 /* Indian_Cat_pic.jpg */ = {isa = PBXFileReference; lastKnownFileType = image.jpeg; path = Indian_Cat_pic.jpg; sourceTree = "<group>"; };
/* End PBXFileReference section */

/* Begin PBXFrameworksBuildPhase section */
		BDCA741D1D48308800886312 /* Frameworks */ = {
			isa = PBXFrameworksBuildPhase;
			buildActionMask = 2147483647;
			files = (
			);
			runOnlyForDeploymentPostprocessing = 0;
		};
/* End PBXFrameworksBuildPhase section */

/* Begin PBXGroup section */
		BDCA74171D48308800886312 = {
			isa = PBXGroup;
			children = (
				BDCA74221D48308800886312 /* CatYears */,
				BDCA74211D48308800886312 /* Products */,
			);
			sourceTree = "<group>";
		};
		BDCA74211D48308800886312 /* Products */ = {
			isa = PBXGroup;
			children = (
				BDCA74201D48308800886312 /* CatYears.app */,
			);
			name = Products;
			sourceTree = "<group>";
		};
		BDCA74221D48308800886312 /* CatYears */ = {
			isa = PBXGroup;
			children = (
				BDCA74231D48308800886312 /* AppDelegate.swift */,
				BDCA74251D48308800886312 /* ViewController.swift */,
				BDCA74271D48308800886312 /* Main.storyboard */,
				BDCA742A1D48308800886312 /* Assets.xcassets */,
				BDCA74351D4833E600886312 /* Indian_Cat_pic.jpg */,
				BDCA742C1D48308800886312 /* LaunchScreen.storyboard */,
				BDCA742F1D48308800886312 /* Info.plist */,
			);
			path = CatYears;
			sourceTree = "<group>";
		};
/* End PBXGroup section */

/* Begin PBXNativeTarget section */
		BDCA741F1D48308800886312 /* CatYears */ = {
			isa = PBXNativeTarget;
			buildConfigurationList = BDCA74321D48308800886312 /* Build configuration list for PBXNativeTarget "CatYears" */;
			buildPhases = (
				BDCA741C1D48308800886312 /* Sources */,
				BDCA741D1D48308800886312 /* Frameworks */,
				BDCA741E1D48308800886312 /* Resources */,
			);
			buildRules = (
			);
			dependencies = (
			);
			name = CatYears;
			productName = CatYears;
			productReference = BDCA74201D48308800886312 /* CatYears.app */;
			productType = "com.apple.product-type.application";
		};
/* End PBXNativeTarget section */

/* Begin PBXProject section */
		BDCA74181D48308800886312 /* Project object */ = {
			isa = PBXProject;
			attributes = {
				LastSwiftUpdateCheck = 0800;
				LastUpgradeCheck = 0800;
				ORGANIZATIONNAME = "Armaan Goyal";
				TargetAttributes = {
					BDCA741F1D48308800886312 = {
						CreatedOnToolsVersion = 8.0;
						ProvisioningStyle = Automatic;
					};
				};
			};
			buildConfigurationList = BDCA741B1D48308800886312 /* Build configuration list for PBXProject "CatYears" */;
			compatibilityVersion = "Xcode 3.2";
			developmentRegion = English;
			hasScannedForEncodings = 0;
			knownRegions = (
				en,
				Base,
			);
			mainGroup = BDCA74171D48308800886312;
			productRefGroup = BDCA74211D48308800886312 /* Products */;
			projectDirPath = "";
			projectRoot = "";
			targets = (
				BDCA741F1D48308800886312 /* CatYears */,
			);
		};
/* End PBXProject section */

/* Begin PBXResourcesBuildPhase section */
		BDCA741E1D48308800886312 /* Resources */ = {
			isa = PBXResourcesBuildPhase;
			buildActionMask = 2147483647;
			files = (
				BDCA742E1D48308800886312 /* LaunchScreen.storyboard in Resources */,
				BDCA742B1D48308800886312 /* Assets.xcassets in Resources */,
				BDCA74361D4833E600886312 /* Indian_Cat_pic.jpg in Resources */,
				BDCA74291D48308800886312 /* Main.storyboard in Resources */,
			);
			runOnlyForDeploymentPostprocessing = 0;
		};
/* End PBXResourcesBuildPhase section */

/* Begin PBXSourcesBuildPhase section */
		BDCA741C1D48308800886312 /* Sources */ = {
			isa = PBXSourcesBuildPhase;
			buildActionMask = 2147483647;
			files = (
				BDCA74261D48308800886312 /* ViewController.swift in Sources */,
				BDCA74241D48308800886312 /* AppDelegate.swift in Sources */,
			);
			runOnlyForDeploymentPostprocessing = 0;
		};
/* End PBXSourcesBuildPhase section */

/* Begin PBXVariantGroup section */
		BDCA74271D48308800886312 /* Main.storyboard */ = {
			isa = PBXVariantGroup;
			children = (
				BDCA74281D48308800886312 /* Base */,
			);
			name = Main.storyboard;
			sourceTree = "<group>";
		};
		BDCA742C1D48308800886312 /* LaunchScreen.storyboard */ = {
			isa = PBXVariantGroup;
			children = (
				BDCA742D1D48308800886312 /* Base */,
			);
			name = LaunchScreen.storyboard;
			sourceTree = "<group>";
		};
/* End PBXVariantGroup section */

/* Begin XCBuildConfiguration section */
		BDCA74301D48308800886312 /* Debug */ = {
			isa = XCBuildConfiguration;
			buildSettings = {
				ALWAYS_SEARCH_USER_PATHS = NO;
				CLANG_ANALYZER_NONNULL = YES;
				CLANG_CXX_LANGUAGE_STANDARD = "gnu++0x";
				CLANG_CXX_LIBRARY = "libc++";
				CLANG_ENABLE_MODULES = YES;
				CLANG_ENABLE_OBJC_ARC = YES;
				CLANG_WARN_BOOL_CONVERSION = YES;
				CLANG_WARN_CONSTANT_CONVERSION = YES;
				CLANG_WARN_DIRECT_OBJC_ISA_USAGE = YES_ERROR;
				CLANG_WARN_DOCUMENTATION_COMMENTS = YES;
				CLANG_WARN_EMPTY_BODY = YES;
				CLANG_WARN_ENUM_CONVERSION = YES;
				CLANG_WARN_INT_CONVERSION = YES;
				CLANG_WARN_OBJC_ROOT_CLASS = YES_ERROR;
				CLANG_WARN_UNREACHABLE_CODE = YES;
				CLANG_WARN__DUPLICATE_METHOD_MATCH = YES;
				"CODE_SIGN_IDENTITY[sdk=iphoneos*]" = "iPhone Developer";
				COPY_PHASE_STRIP = NO;
				DEBUG_INFORMATION_FORMAT = dwarf;
				ENABLE_STRICT_OBJC_MSGSEND = YES;
				ENABLE_TESTABILITY = YES;
				GCC_C_LANGUAGE_STANDARD = gnu99;
				GCC_DYNAMIC_NO_PIC = NO;
				GCC_NO_COMMON_BLOCKS = YES;
				GCC_OPTIMIZATION_LEVEL = 0;
				GCC_PREPROCESSOR_DEFINITIONS = (
					"DEBUG=1",
					"$(inherited)",
				);
				GCC_WARN_64_TO_32_BIT_CONVERSION = YES;
				GCC_WARN_ABOUT_RETURN_TYPE = YES_ERROR;
				GCC_WARN_UNDECLARED_SELECTOR = YES;
				GCC_WARN_UNINITIALIZED_AUTOS = YES_AGGRESSIVE;
				GCC_WARN_UNUSED_FUNCTION = YES;
				GCC_WARN_UNUSED_VARIABLE = YES;
				IPHONEOS_DEPLOYMENT_TARGET = 10.0;
				MTL_ENABLE_DEBUG_INFO = YES;
				ONLY_ACTIVE_ARCH = YES;
				SDKROOT = iphoneos;
				SWIFT_ACTIVE_COMPILATION_CONDITIONS = DEBUG;
				SWIFT_OPTIMIZATION_LEVEL = "-Onone";
			};
			name = Debug;
		};
		BDCA74311D48308800886312 /* Release */ = {
			isa = XCBuildConfiguration;
			buildSettings = {
				ALWAYS_SEARCH_USER_PATHS = NO;
				CLANG_ANALYZER_NONNULL = YES;
				CLANG_CXX_LANGUAGE_STANDARD = "gnu++0x";
				CLANG_CXX_LIBRARY = "libc++";
				CLANG_ENABLE_MODULES = YES;
				CLANG_ENABLE_OBJC_ARC = YES;
				CLANG_WARN_BOOL_CONVERSION = YES;
				CLANG_WARN_CONSTANT_CONVERSION = YES;
				CLANG_WARN_DIRECT_OBJC_ISA_USAGE = YES_ERROR;
				CLANG_WARN_DOCUMENTATION_COMMENTS = YES;
				CLANG_WARN_EMPTY_BODY = YES;
				CLANG_WARN_ENUM_CONVERSION = YES;
				CLANG_WARN_INT_CONVERSION = YES;
				CLANG_WARN_OBJC_ROOT_CLASS = YES_ERROR;
				CLANG_WARN_UNREACHABLE_CODE = YES;
				CLANG_WARN__DUPLICATE_METHOD_MATCH = YES;
				"CODE_SIGN_IDENTITY[sdk=iphoneos*]" = "iPhone Developer";
				COPY_PHASE_STRIP = NO;
				DEBUG_INFORMATION_FORMAT = "dwarf-with-dsym";
				ENABLE_NS_ASSERTIONS = NO;
				ENABLE_STRICT_OBJC_MSGSEND = YES;
				GCC_C_LANGUAGE_STANDARD = gnu99;
				GCC_NO_COMMON_BLOCKS = YES;
				GCC_WARN_64_TO_32_BIT_CONVERSION = YES;
				GCC_WARN_ABOUT_RETURN_TYPE = YES_ERROR;
				GCC_WARN_UNDECLARED_SELECTOR = YES;
				GCC_WARN_UNINITIALIZED_AUTOS = YES_AGGRESSIVE;
				GCC_WARN_UNUSED_FUNCTION = YES;
				GCC_WARN_UNUSED_VARIABLE = YES;
				IPHONEOS_DEPLOYMENT_TARGET = 10.0;
				MTL_ENABLE_DEBUG_INFO = NO;
				SDKROOT = iphoneos;
				SWIFT_OPTIMIZATION_LEVEL = "-Owholemodule";
				VALIDATE_PRODUCT = YES;
			};
			name = Release;
		};
		BDCA74331D48308800886312 /* Debug */ = {
			isa = XCBuildConfiguration;
			buildSettings = {
				ASSETCATALOG_COMPILER_APPICON_NAME = AppIcon;
				INFOPLIST_FILE = CatYears/Info.plist;
				LD_RUNPATH_SEARCH_PATHS = "$(inherited) @executable_path/Frameworks";
				PRODUCT_BUNDLE_IDENTIFIER = com.armaango.CatYears;
				PRODUCT_NAME = "$(TARGET_NAME)";
				SWIFT_VERSION = 3.0;
			};
			name = Debug;
		};
		BDCA74341D48308800886312 /* Release */ = {
			isa = XCBuildConfiguration;
			buildSettings = {
				ASSETCATALOG_COMPILER_APPICON_NAME = AppIcon;
				INFOPLIST_FILE = CatYears/Info.plist;
				LD_RUNPATH_SEARCH_PATHS = "$(inherited) @executable_path/Frameworks";
				PRODUCT_BUNDLE_IDENTIFIER = com.armaango.CatYears;
				PRODUCT_NAME = "$(TARGET_NAME)";
				SWIFT_VERSION = 3.0;
			};
			name = Release;
		};
/* End XCBuildConfiguration section */

/* Begin XCConfigurationList section */
		BDCA741B1D48308800886312 /* Build configuration list for PBXProject "CatYears" */ = {
			isa = XCConfigurationList;
			buildConfigurations = (
				BDCA74301D48308800886312 /* Debug */,
				BDCA74311D48308800886312 /* Release */,
			);
			defaultConfigurationIsVisible = 0;
			defaultConfigurationName = Release;
		};
		BDCA74321D48308800886312 /* Build configuration list for PBXNativeTarget "CatYears" */ = {
			isa = XCConfigurationList;
			buildConfigurations = (
				BDCA74331D48308800886312 /* Debug */,
				BDCA74341D48308800886312 /* Release */,
			);
			defaultConfigurationIsVisible = 0;
		};
/* End XCConfigurationList section */
	};
	rootObject = BDCA74181D48308800886312 /* Project object */;
}
